
Microsoft Visual Studio Solution File, Format Version 12.00
# Visual Studio 15
VisualStudioVersion = 15.0.27130.2010
MinimumVisualStudioVersion = 10.0.40219.1
Project("{FAE04EC0-301F-11D3-BF4B-00C04F79EFBC}") = "TipsCalculator.API", "TipsCalculator\TipsCalculator.API.csproj", "{7461B093-7FF7-4F0C-A27D-1F88A35B8A52}"
EndProject
Project("{FAE04EC0-301F-11D3-BF4B-00C04F79EFBC}") = "TipsCalculator.Application", "TipsCalculator.Application\TipsCalculator.Application.csproj", "{6C45221E-1A88-46A2-9D05-12B2270A445A}"
EndProject
Project("{FAE04EC0-301F-11D3-BF4B-00C04F79EFBC}") = "TipsCalculator.Domain", "TipsCalculator.Domain\TipsCalculator.Domain.csproj", "{8E347797-1904-4009-98CC-9D031320F4E2}"
EndProject
Project("{FAE04EC0-301F-11D3-BF4B-00C04F79EFBC}") = "TipsCalculator.Entities", "TipsCalculator.Entities\TipsCalculator.Entities.csproj", "{DDC74516-CD70-44A1-8058-776F03B80FB3}"
EndProject
Project("{FAE04EC0-301F-11D3-BF4B-00C04F79EFBC}") = "TipsCalculator.Infrastructure", "TipsCalculator.Infrastructure\TipsCalculator.Infrastructure.csproj", "{9DE380B8-06C3-49BB-ABAC-D960E63732E9}"
EndProject
Project("{FAE04EC0-301F-11D3-BF4B-00C04F79EFBC}") = "TipsCalculator.CrossCutting", "TipsCalculator.CrossCutting\TipsCalculator.CrossCutting.csproj", "{91404FA9-0910-4DB4-8922-20754A9FD316}"
EndProject
Project("{2150E333-8FDC-42A3-9474-1A3956D46DE8}") = "Tests", "Tests", "{DE385F07-21D0-46F3-A401-CE4C3CE79F38}"
EndProject
Project("{FAE04EC0-301F-11D3-BF4B-00C04F79EFBC}") = "TipsCalculator.Domain.Tests", "TipsCalculator.Domain.Tests\TipsCalculator.Domain.Tests.csproj", "{4786D92B-C963-4654-9B0F-84C38C5CA473}"
EndProject
Project("{FAE04EC0-301F-11D3-BF4B-00C04F79EFBC}") = "TipsCalculator.IntegrationTests", "TipsCalculator.IntegrationTests\TipsCalculator.IntegrationTests.csproj", "{13872E39-A88D-49E9-80F5-377EEF67325F}"
EndProject
Global
	GlobalSection(SolutionConfigurationPlatforms) = preSolution
		Debug|Any CPU = Debug|Any CPU
		Release|Any CPU = Release|Any CPU
	EndGlobalSection
	GlobalSection(ProjectConfigurationPlatforms) = postSolution
		{7461B093-7FF7-4F0C-A27D-1F88A35B8A52}.Debug|Any CPU.ActiveCfg = Debug|Any CPU
		{7461B093-7FF7-4F0C-A27D-1F88A35B8A52}.Debug|Any CPU.Build.0 = Debug|Any CPU
		{7461B093-7FF7-4F0C-A27D-1F88A35B8A52}.Release|Any CPU.ActiveCfg = Release|Any CPU
		{7461B093-7FF7-4F0C-A27D-1F88A35B8A52}.Release|Any CPU.Build.0 = Release|Any CPU
		{6C45221E-1A88-46A2-9D05-12B2270A445A}.Debug|Any CPU.ActiveCfg = Debug|Any CPU
		{6C45221E-1A88-46A2-9D05-12B2270A445A}.Debug|Any CPU.Build.0 = Debug|Any CPU
		{6C45221E-1A88-46A2-9D05-12B2270A445A}.Release|Any CPU.ActiveCfg = Release|Any CPU
		{6C45221E-1A88-46A2-9D05-12B2270A445A}.Release|Any CPU.Build.0 = Release|Any CPU
		{8E347797-1904-4009-98CC-9D031320F4E2}.Debug|Any CPU.ActiveCfg = Debug|Any CPU
		{8E347797-1904-4009-98CC-9D031320F4E2}.Debug|Any CPU.Build.0 = Debug|Any CPU
		{8E347797-1904-4009-98CC-9D031320F4E2}.Release|Any CPU.ActiveCfg = Release|Any CPU
		{8E347797-1904-4009-98CC-9D031320F4E2}.Release|Any CPU.Build.0 = Release|Any CPU
		{DDC74516-CD70-44A1-8058-776F03B80FB3}.Debug|Any CPU.ActiveCfg = Debug|Any CPU
		{DDC74516-CD70-44A1-8058-776F03B80FB3}.Debug|Any CPU.Build.0 = Debug|Any CPU
		{DDC74516-CD70-44A1-8058-776F03B80FB3}.Release|Any CPU.ActiveCfg = Release|Any CPU
		{DDC74516-CD70-44A1-8058-776F03B80FB3}.Release|Any CPU.Build.0 = Release|Any CPU
		{9DE380B8-06C3-49BB-ABAC-D960E63732E9}.Debug|Any CPU.ActiveCfg = Debug|Any CPU
		{9DE380B8-06C3-49BB-ABAC-D960E63732E9}.Debug|Any CPU.Build.0 = Debug|Any CPU
		{9DE380B8-06C3-49BB-ABAC-D960E63732E9}.Release|Any CPU.ActiveCfg = Release|Any CPU
		{9DE380B8-06C3-49BB-ABAC-D960E63732E9}.Release|Any CPU.Build.0 = Release|Any CPU
		{91404FA9-0910-4DB4-8922-20754A9FD316}.Debug|Any CPU.ActiveCfg = Debug|Any CPU
		{91404FA9-0910-4DB4-8922-20754A9FD316}.Debug|Any CPU.Build.0 = Debug|Any CPU
		{91404FA9-0910-4DB4-8922-20754A9FD316}.Release|Any CPU.ActiveCfg = Release|Any CPU
		{91404FA9-0910-4DB4-8922-20754A9FD316}.Release|Any CPU.Build.0 = Release|Any CPU
		{4786D92B-C963-4654-9B0F-84C38C5CA473}.Debug|Any CPU.ActiveCfg = Debug|Any CPU
		{4786D92B-C963-4654-9B0F-84C38C5CA473}.Debug|Any CPU.Build.0 = Debug|Any CPU
		{4786D92B-C963-4654-9B0F-84C38C5CA473}.Release|Any CPU.ActiveCfg = Release|Any CPU
		{4786D92B-C963-4654-9B0F-84C38C5CA473}.Release|Any CPU.Build.0 = Release|Any CPU
		{13872E39-A88D-49E9-80F5-377EEF67325F}.Debug|Any CPU.ActiveCfg = Debug|Any CPU
		{13872E39-A88D-49E9-80F5-377EEF67325F}.Debug|Any CPU.Build.0 = Debug|Any CPU
		{13872E39-A88D-49E9-80F5-377EEF67325F}.Release|Any CPU.ActiveCfg = Release|Any CPU
		{13872E39-A88D-49E9-80F5-377EEF67325F}.Release|Any CPU.Build.0 = Release|Any CPU
	EndGlobalSection
	GlobalSection(SolutionProperties) = preSolution
		HideSolutionNode = FALSE
	EndGlobalSection
	GlobalSection(NestedProjects) = preSolution
		{4786D92B-C963-4654-9B0F-84C38C5CA473} = {DE385F07-21D0-46F3-A401-CE4C3CE79F38}
		{13872E39-A88D-49E9-80F5-377EEF67325F} = {DE385F07-21D0-46F3-A401-CE4C3CE79F38}
	EndGlobalSection
	GlobalSection(ExtensibilityGlobals) = postSolution
		SolutionGuid = {EC2432DE-B6DF-45F0-AE44-B377F723E309}
	EndGlobalSection
EndGlobal
